
Microsoft Visual Studio Solution File, Format Version 12.00
# Visual Studio Version 17
VisualStudioVersion = 17.11.35312.102
MinimumVisualStudioVersion = 10.0.40219.1
Project("{FAE04EC0-301F-11D3-BF4B-00C04F79EFBC}") = "Lesson 1", "Lesson 1.csproj", "{5CD7E201-D7AD-4567-BCCA-5C79470A167F}"
EndProject
Global
	GlobalSection(SolutionConfigurationPlatforms) = preSolution
		Debug|Any CPU = Debug|Any CPU
		Release|Any CPU = Release|Any CPU
	EndGlobalSection
	GlobalSection(ProjectConfigurationPlatforms) = postSolution
		{5CD7E201-D7AD-4567-BCCA-5C79470A167F}.Debug|Any CPU.ActiveCfg = Debug|Any CPU
		{5CD7E201-D7AD-4567-BCCA-5C79470A167F}.Debug|Any CPU.Build.0 = Debug|Any CPU
		{5CD7E201-D7AD-4567-BCCA-5C79470A167F}.Release|Any CPU.ActiveCfg = Release|Any CPU
		{5CD7E201-D7AD-4567-BCCA-5C79470A167F}.Release|Any CPU.Build.0 = Release|Any CPU
	EndGlobalSection
	GlobalSection(SolutionProperties) = preSolution
		HideSolutionNode = FALSE
	EndGlobalSection
	GlobalSection(ExtensibilityGlobals) = postSolution
		SolutionGuid = {4C003F8A-0445-4191-AD4B-25427681DAAB}
	EndGlobalSection
EndGlobal
