
Microsoft Visual Studio Solution File, Format Version 12.00
# Visual Studio Version 17
VisualStudioVersion = 17.11.35312.102
MinimumVisualStudioVersion = 10.0.40219.1
Project("{FAE04EC0-301F-11D3-BF4B-00C04F79EFBC}") = "Lesson 2", "Lesson 2.csproj", "{45AAC362-EC0E-4238-A333-C0185F853823}"
EndProject
Global
	GlobalSection(SolutionConfigurationPlatforms) = preSolution
		Debug|Any CPU = Debug|Any CPU
		Release|Any CPU = Release|Any CPU
	EndGlobalSection
	GlobalSection(ProjectConfigurationPlatforms) = postSolution
		{45AAC362-EC0E-4238-A333-C0185F853823}.Debug|Any CPU.ActiveCfg = Debug|Any CPU
		{45AAC362-EC0E-4238-A333-C0185F853823}.Debug|Any CPU.Build.0 = Debug|Any CPU
		{45AAC362-EC0E-4238-A333-C0185F853823}.Release|Any CPU.ActiveCfg = Release|Any CPU
		{45AAC362-EC0E-4238-A333-C0185F853823}.Release|Any CPU.Build.0 = Release|Any CPU
	EndGlobalSection
	GlobalSection(SolutionProperties) = preSolution
		HideSolutionNode = FALSE
	EndGlobalSection
	GlobalSection(ExtensibilityGlobals) = postSolution
		SolutionGuid = {49FDA2CD-1878-4635-9B1A-F06E69A6B058}
	EndGlobalSection
EndGlobal
